
Microsoft Visual Studio Solution File, Format Version 12.00
# Visual Studio Version 17
VisualStudioVersion = 17.2.32630.192
MinimumVisualStudioVersion = 10.0.40219.1
Project("{9A19103F-16F7-4668-BE54-9A1E7A4F7556}") = "Silvertop.SemanticVersioning", "source\Silvertop.SemanticVersioning\Silvertop.SemanticVersioning.csproj", "{4B27CDFC-4A12-4B51-A0E2-AE613A99D21B}"
EndProject
Project("{9A19103F-16F7-4668-BE54-9A1E7A4F7556}") = "Silvertop.SemanticVersioning.UnitTests", "tests\Silvertop.SemanticVersioning.UnitTests\Silvertop.SemanticVersioning.UnitTests.csproj", "{173FBD7B-D39C-467A-85FE-43E6D0E5CF99}"
EndProject
Project("{2150E333-8FDC-42A3-9474-1A3956D46DE8}") = "Solution Items", "Solution Items", "{E1AF428B-C0A2-463B-8D61-BD00D586AF6A}"
	ProjectSection(SolutionItems) = preProject
		Directory.Build.props = Directory.Build.props
		README.md = README.md
		Silvertop.SemanticVersioning.sln.DotSettings = Silvertop.SemanticVersioning.sln.DotSettings
	EndProjectSection
EndProject
Global
	GlobalSection(SolutionConfigurationPlatforms) = preSolution
		Debug|Any CPU = Debug|Any CPU
		Release|Any CPU = Release|Any CPU
	EndGlobalSection
	GlobalSection(ProjectConfigurationPlatforms) = postSolution
		{4B27CDFC-4A12-4B51-A0E2-AE613A99D21B}.Debug|Any CPU.ActiveCfg = Debug|Any CPU
		{4B27CDFC-4A12-4B51-A0E2-AE613A99D21B}.Debug|Any CPU.Build.0 = Debug|Any CPU
		{4B27CDFC-4A12-4B51-A0E2-AE613A99D21B}.Release|Any CPU.ActiveCfg = Release|Any CPU
		{4B27CDFC-4A12-4B51-A0E2-AE613A99D21B}.Release|Any CPU.Build.0 = Release|Any CPU
		{173FBD7B-D39C-467A-85FE-43E6D0E5CF99}.Debug|Any CPU.ActiveCfg = Debug|Any CPU
		{173FBD7B-D39C-467A-85FE-43E6D0E5CF99}.Debug|Any CPU.Build.0 = Debug|Any CPU
		{173FBD7B-D39C-467A-85FE-43E6D0E5CF99}.Release|Any CPU.ActiveCfg = Release|Any CPU
		{173FBD7B-D39C-467A-85FE-43E6D0E5CF99}.Release|Any CPU.Build.0 = Release|Any CPU
	EndGlobalSection
	GlobalSection(SolutionProperties) = preSolution
		HideSolutionNode = FALSE
	EndGlobalSection
	GlobalSection(ExtensibilityGlobals) = postSolution
		SolutionGuid = {2862CC98-611C-4DA7-969B-B25397210F0C}
	EndGlobalSection
EndGlobal
